// !$*UTF8*$!
{
	archiveVersion = 1;
	classes = {
	};
	objectVersion = 77;
	objects = {

/* Begin PBXBuildFile section */
		DFD733372FF026BF00531227 /* PomorDI in Frameworks */ = {isa = PBXBuildFile; productRef = DFD733362FF026BF00531227 /* PomorDI */; };
		DFD733382FF026BF00531227 /* PomorDI in Frameworks */ = {isa = PBXBuildFile; productRef = DFD733392FF026BF00531227 /* PomorDI */; };
		DFD7334A2FF0300100531227 /* PomorDesignSystem in Frameworks */ = {isa = PBXBuildFile; productRef = DFD7334B2FF0300100531227 /* PomorDesignSystem */; };
		DFD7334C2FF0300100531227 /* PomorDesignSystem in Frameworks */ = {isa = PBXBuildFile; productRef = DFD7334D2FF0300100531227 /* PomorDesignSystem */; };
		DFD8354E2FEB72E000C937E3 /* PomorWatch Watch App.app in Embed Watch Content */ = {isa = PBXBuildFile; fileRef = DFD8352E2FEB72DF00C937E3 /* PomorWatch Watch App.app */; settings = {ATTRIBUTES = (RemoveHeadersOnCopy, ); }; };
		DFD8371F2FEDDCD500C937E3 /* PomorCore in Frameworks */ = {isa = PBXBuildFile; productRef = DFD8371E2FEDDCD500C937E3 /* PomorCore */; };
		DFD838372FEE131700C937E3 /* PomorCore in Frameworks */ = {isa = PBXBuildFile; productRef = DFD838362FEE131700C937E3 /* PomorCore */; };
/* End PBXBuildFile section */

/* Begin PBXContainerItemProxy section */
		DF9B1B682F79E6ED00008936 /* PBXContainerItemProxy */ = {
			isa = PBXContainerItemProxy;
			containerPortal = DF9B1AD62F79902100008936 /* Project object */;
			proxyType = 1;
			remoteGlobalIDString = DF9B1ADD2F79902100008936;
			remoteInfo = Pomor;
		};
		DFD8353B2FEB72E000C937E3 /* PBXContainerItemProxy */ = {
			isa = PBXContainerItemProxy;
			containerPortal = DF9B1AD62F79902100008936 /* Project object */;
			proxyType = 1;
			remoteGlobalIDString = DFD8352D2FEB72DF00C937E3;
			remoteInfo = "PomorWatch Watch App";
		};
		DFD835452FEB72E000C937E3 /* PBXContainerItemProxy */ = {
			isa = PBXContainerItemProxy;
			containerPortal = DF9B1AD62F79902100008936 /* Project object */;
			proxyType = 1;
			remoteGlobalIDString = DFD8352D2FEB72DF00C937E3;
			remoteInfo = "PomorWatch Watch App";
		};
		DFD8354C2FEB72E000C937E3 /* PBXContainerItemProxy */ = {
			isa = PBXContainerItemProxy;
			containerPortal = DF9B1AD62F79902100008936 /* Project object */;
			proxyType = 1;
			remoteGlobalIDString = DFD8352D2FEB72DF00C937E3;
			remoteInfo = "PomorWatch Watch App";
		};
/* End PBXContainerItemProxy section */

/* Begin PBXCopyFilesBuildPhase section */
		DFD835522FEB72E000C937E3 /* Embed Watch Content */ = {
			isa = PBXCopyFilesBuildPhase;
			buildActionMask = 2147483647;
			dstPath = "$(CONTENTS_FOLDER_PATH)/Watch";
			dstSubfolderSpec = 16;
			files = (
				DFD8354E2FEB72E000C937E3 /* PomorWatch Watch App.app in Embed Watch Content */,
			);
			name = "Embed Watch Content";
			runOnlyForDeploymentPostprocessing = 0;
		};
/* End PBXCopyFilesBuildPhase section */

/* Begin PBXFileReference section */
		DF9B1ADE2F79902100008936 /* Pomor.app */ = {isa = PBXFileReference; explicitFileType = wrapper.application; includeInIndex = 0; path = Pomor.app; sourceTree = BUILT_PRODUCTS_DIR; };
		DF9B1B642F79E6ED00008936 /* PomorTests.xctest */ = {isa = PBXFileReference; explicitFileType = wrapper.cfbundle; includeInIndex = 0; path = PomorTests.xctest; sourceTree = BUILT_PRODUCTS_DIR; };
		DFD8352E2FEB72DF00C937E3 /* PomorWatch Watch App.app */ = {isa = PBXFileReference; explicitFileType = wrapper.application; includeInIndex = 0; path = "PomorWatch Watch App.app"; sourceTree = BUILT_PRODUCTS_DIR; };
		DFD8353A2FEB72E000C937E3 /* PomorWatch Watch AppTests.xctest */ = {isa = PBXFileReference; explicitFileType = wrapper.cfbundle; includeInIndex = 0; path = "PomorWatch Watch AppTests.xctest"; sourceTree = BUILT_PRODUCTS_DIR; };
		DFD835442FEB72E000C937E3 /* PomorWatch Watch AppUITests.xctest */ = {isa = PBXFileReference; explicitFileType = wrapper.cfbundle; includeInIndex = 0; path = "PomorWatch Watch AppUITests.xctest"; sourceTree = BUILT_PRODUCTS_DIR; };
/* End PBXFileReference section */

/* Begin PBXFileSystemSynchronizedBuildFileExceptionSet section */
		DFD835692FEB775C00C937E3 /* Exceptions for "PomorWatch Watch App" folder in "Pomor" target */ = {
			isa = PBXFileSystemSynchronizedBuildFileExceptionSet;
			membershipExceptions = (
				Data/WatchLocalTaskDataSource.swift,
				Data/WatchTaskRepositoryImpl.swift,
				Dependency/WatchDependencyMap.swift,
				Domain/Interfaces/WatchTaskDataSource.swift,
				Domain/Interfaces/WatchTaskInboundSync.swift,
				Domain/Interfaces/WatchTaskOutboundSync.swift,
				Domain/Interfaces/WatchTaskRepository.swift,
				Domain/UseCases/AddWatchTaskUseCase.swift,
				Domain/UseCases/DeleteWatchTaskUseCase.swift,
				Domain/UseCases/GetWatchTasksUseCase.swift,
				Domain/UseCases/SyncWatchTasksUseCase.swift,
				PomorWatchApp.swift,
				Presentation/Navigation/WatchCoordinator.swift,
				Presentation/Navigation/WatchRootView.swift,
				Presentation/Navigation/WatchRoute.swift,
				Presentation/WatchAddTaskView.swift,
				Presentation/WatchTaskListStrings.swift,
				Presentation/WatchTaskListView.swift,
				Presentation/WatchTaskListViewModel.swift,
				Presentation/WatchTimerView.swift,
				Presentation/WatchTimerViewModel.swift,
				WatchConnectivityManager.swift,
			);
			target = DF9B1ADD2F79902100008936 /* Pomor */;
		};
/* End PBXFileSystemSynchronizedBuildFileExceptionSet section */

/* Begin PBXFileSystemSynchronizedRootGroup section */
		DF9B1AE02F79902100008936 /* Pomor */ = {
			isa = PBXFileSystemSynchronizedRootGroup;
			path = Pomor;
			sourceTree = "<group>";
		};
		DF9B1B652F79E6ED00008936 /* PomorTests */ = {
			isa = PBXFileSystemSynchronizedRootGroup;
			path = PomorTests;
			sourceTree = "<group>";
		};
		DFD8352F2FEB72DF00C937E3 /* PomorWatch Watch App */ = {
			isa = PBXFileSystemSynchronizedRootGroup;
			exceptions = (
				DFD835692FEB775C00C937E3 /* Exceptions for "PomorWatch Watch App" folder in "Pomor" target */,
			);
			path = "PomorWatch Watch App";
			sourceTree = "<group>";
		};
		DFD8353D2FEB72E000C937E3 /* PomorWatch Watch AppTests */ = {
			isa = PBXFileSystemSynchronizedRootGroup;
			path = "PomorWatch Watch AppTests";
			sourceTree = "<group>";
		};
		DFD835472FEB72E000C937E3 /* PomorWatch Watch AppUITests */ = {
			isa = PBXFileSystemSynchronizedRootGroup;
			path = "PomorWatch Watch AppUITests";
			sourceTree = "<group>";
		};
/* End PBXFileSystemSynchronizedRootGroup section */

/* Begin PBXFrameworksBuildPhase section */
		DF9B1ADB2F79902100008936 /* Frameworks */ = {
			isa = PBXFrameworksBuildPhase;
			buildActionMask = 2147483647;
			files = (
				DFD8371F2FEDDCD500C937E3 /* PomorCore in Frameworks */,
				DFD733382FF026BF00531227 /* PomorDI in Frameworks */,
				DFD7334A2FF0300100531227 /* PomorDesignSystem in Frameworks */,
			);
			runOnlyForDeploymentPostprocessing = 0;
		};
		DF9B1B612F79E6ED00008936 /* Frameworks */ = {
			isa = PBXFrameworksBuildPhase;
			buildActionMask = 2147483647;
			files = (
			);
			runOnlyForDeploymentPostprocessing = 0;
		};
		DFD8352B2FEB72DF00C937E3 /* Frameworks */ = {
			isa = PBXFrameworksBuildPhase;
			buildActionMask = 2147483647;
			files = (
				DFD838372FEE131700C937E3 /* PomorCore in Frameworks */,
				DFD733372FF026BF00531227 /* PomorDI in Frameworks */,
				DFD7334C2FF0300100531227 /* PomorDesignSystem in Frameworks */,
			);
			runOnlyForDeploymentPostprocessing = 0;
		};
		DFD835372FEB72E000C937E3 /* Frameworks */ = {
			isa = PBXFrameworksBuildPhase;
			buildActionMask = 2147483647;
			files = (
			);
			runOnlyForDeploymentPostprocessing = 0;
		};
		DFD835412FEB72E000C937E3 /* Frameworks */ = {
			isa = PBXFrameworksBuildPhase;
			buildActionMask = 2147483647;
			files = (
			);
			runOnlyForDeploymentPostprocessing = 0;
		};
/* End PBXFrameworksBuildPhase section */

/* Begin PBXGroup section */
		DF9B1AD52F79902100008936 = {
			isa = PBXGroup;
			children = (
				DF9B1AE02F79902100008936 /* Pomor */,
				DF9B1B652F79E6ED00008936 /* PomorTests */,
				DFD8352F2FEB72DF00C937E3 /* PomorWatch Watch App */,
				DFD8353D2FEB72E000C937E3 /* PomorWatch Watch AppTests */,
				DFD835472FEB72E000C937E3 /* PomorWatch Watch AppUITests */,
				DFD838352FEE131700C937E3 /* Frameworks */,
				DF9B1ADF2F79902100008936 /* Products */,
			);
			sourceTree = "<group>";
		};
		DF9B1ADF2F79902100008936 /* Products */ = {
			isa = PBXGroup;
			children = (
				DF9B1ADE2F79902100008936 /* Pomor.app */,
				DF9B1B642F79E6ED00008936 /* PomorTests.xctest */,
				DFD8352E2FEB72DF00C937E3 /* PomorWatch Watch App.app */,
				DFD8353A2FEB72E000C937E3 /* PomorWatch Watch AppTests.xctest */,
				DFD835442FEB72E000C937E3 /* PomorWatch Watch AppUITests.xctest */,
			);
			name = Products;
			sourceTree = "<group>";
		};
		DFD838352FEE131700C937E3 /* Frameworks */ = {
			isa = PBXGroup;
			children = (
			);
			name = Frameworks;
			sourceTree = "<group>";
		};
/* End PBXGroup section */

/* Begin PBXNativeTarget section */
		DF9B1ADD2F79902100008936 /* Pomor */ = {
			isa = PBXNativeTarget;
			buildConfigurationList = DF9B1AE92F79902200008936 /* Build configuration list for PBXNativeTarget "Pomor" */;
			buildPhases = (
				DF9B1ADA2F79902100008936 /* Sources */,
				DF9B1ADB2F79902100008936 /* Frameworks */,
				DF9B1ADC2F79902100008936 /* Resources */,
				DFD835522FEB72E000C937E3 /* Embed Watch Content */,
			);
			buildRules = (
			);
			dependencies = (
				DFD8354D2FEB72E000C937E3 /* PBXTargetDependency */,
			);
			fileSystemSynchronizedGroups = (
				DF9B1AE02F79902100008936 /* Pomor */,
				DFD8352F2FEB72DF00C937E3 /* PomorWatch Watch App */,
			);
			name = Pomor;
			packageProductDependencies = (
				DFD8371E2FEDDCD500C937E3 /* PomorCore */,
				DFD733392FF026BF00531227 /* PomorDI */,
				DFD7334B2FF0300100531227 /* PomorDesignSystem */,
			);
			productName = Pomor;
			productReference = DF9B1ADE2F79902100008936 /* Pomor.app */;
			productType = "com.apple.product-type.application";
		};
		DF9B1B632F79E6ED00008936 /* PomorTests */ = {
			isa = PBXNativeTarget;
			buildConfigurationList = DF9B1B6A2F79E6ED00008936 /* Build configuration list for PBXNativeTarget "PomorTests" */;
			buildPhases = (
				DF9B1B602F79E6ED00008936 /* Sources */,
				DF9B1B612F79E6ED00008936 /* Frameworks */,
				DF9B1B622F79E6ED00008936 /* Resources */,
			);
			buildRules = (
			);
			dependencies = (
				DF9B1B692F79E6ED00008936 /* PBXTargetDependency */,
			);
			fileSystemSynchronizedGroups = (
				DF9B1B652F79E6ED00008936 /* PomorTests */,
			);
			name = PomorTests;
			packageProductDependencies = (
			);
			productName = PomorTests;
			productReference = DF9B1B642F79E6ED00008936 /* PomorTests.xctest */;
			productType = "com.apple.product-type.bundle.unit-test";
		};
		DFD8352D2FEB72DF00C937E3 /* PomorWatch Watch App */ = {
			isa = PBXNativeTarget;
			buildConfigurationList = DFD8354F2FEB72E000C937E3 /* Build configuration list for PBXNativeTarget "PomorWatch Watch App" */;
			buildPhases = (
				DFD8352A2FEB72DF00C937E3 /* Sources */,
				DFD8352B2FEB72DF00C937E3 /* Frameworks */,
				DFD8352C2FEB72DF00C937E3 /* Resources */,
			);
			buildRules = (
			);
			dependencies = (
			);
			fileSystemSynchronizedGroups = (
				DFD8352F2FEB72DF00C937E3 /* PomorWatch Watch App */,
			);
			name = "PomorWatch Watch App";
			packageProductDependencies = (
				DFD838362FEE131700C937E3 /* PomorCore */,
				DFD733362FF026BF00531227 /* PomorDI */,
				DFD7334D2FF0300100531227 /* PomorDesignSystem */,
			);
			productName = "PomorWatch Watch App";
			productReference = DFD8352E2FEB72DF00C937E3 /* PomorWatch Watch App.app */;
			productType = "com.apple.product-type.application";
		};
		DFD835392FEB72E000C937E3 /* PomorWatch Watch AppTests */ = {
			isa = PBXNativeTarget;
			buildConfigurationList = DFD835532FEB72E000C937E3 /* Build configuration list for PBXNativeTarget "PomorWatch Watch AppTests" */;
			buildPhases = (
				DFD835362FEB72E000C937E3 /* Sources */,
				DFD835372FEB72E000C937E3 /* Frameworks */,
				DFD835382FEB72E000C937E3 /* Resources */,
			);
			buildRules = (
			);
			dependencies = (
				DFD8353C2FEB72E000C937E3 /* PBXTargetDependency */,
			);
			fileSystemSynchronizedGroups = (
				DFD8353D2FEB72E000C937E3 /* PomorWatch Watch AppTests */,
			);
			name = "PomorWatch Watch AppTests";
			packageProductDependencies = (
			);
			productName = "PomorWatch Watch AppTests";
			productReference = DFD8353A2FEB72E000C937E3 /* PomorWatch Watch AppTests.xctest */;
			productType = "com.apple.product-type.bundle.unit-test";
		};
		DFD835432FEB72E000C937E3 /* PomorWatch Watch AppUITests */ = {
			isa = PBXNativeTarget;
			buildConfigurationList = DFD835562FEB72E000C937E3 /* Build configuration list for PBXNativeTarget "PomorWatch Watch AppUITests" */;
			buildPhases = (
				DFD835402FEB72E000C937E3 /* Sources */,
				DFD835412FEB72E000C937E3 /* Frameworks */,
				DFD835422FEB72E000C937E3 /* Resources */,
			);
			buildRules = (
			);
			dependencies = (
				DFD835462FEB72E000C937E3 /* PBXTargetDependency */,
			);
			fileSystemSynchronizedGroups = (
				DFD835472FEB72E000C937E3 /* PomorWatch Watch AppUITests */,
			);
			name = "PomorWatch Watch AppUITests";
			packageProductDependencies = (
			);
			productName = "PomorWatch Watch AppUITests";
			productReference = DFD835442FEB72E000C937E3 /* PomorWatch Watch AppUITests.xctest */;
			productType = "com.apple.product-type.bundle.ui-testing";
		};
/* End PBXNativeTarget section */

/* Begin PBXProject section */
		DF9B1AD62F79902100008936 /* Project object */ = {
			isa = PBXProject;
			attributes = {
				BuildIndependentTargetsInParallel = 1;
				LastSwiftUpdateCheck = 2650;
				LastUpgradeCheck = 2630;
				TargetAttributes = {
					DF9B1ADD2F79902100008936 = {
						CreatedOnToolsVersion = 26.3;
					};
					DF9B1B632F79E6ED00008936 = {
						CreatedOnToolsVersion = 26.3;
						TestTargetID = DF9B1ADD2F79902100008936;
					};
					DFD8352D2FEB72DF00C937E3 = {
						CreatedOnToolsVersion = 26.5;
					};
					DFD835392FEB72E000C937E3 = {
						CreatedOnToolsVersion = 26.5;
						TestTargetID = DFD8352D2FEB72DF00C937E3;
					};
					DFD835432FEB72E000C937E3 = {
						CreatedOnToolsVersion = 26.5;
						TestTargetID = DFD8352D2FEB72DF00C937E3;
					};
				};
			};
			buildConfigurationList = DF9B1AD92F79902100008936 /* Build configuration list for PBXProject "Pomor" */;
			developmentRegion = en;
			hasScannedForEncodings = 0;
			knownRegions = (
				en,
				Base,
			);
			mainGroup = DF9B1AD52F79902100008936;
			minimizedProjectReferenceProxies = 1;
			packageReferences = (
				DFD837AF2FEDEDCE00C937E3 /* XCLocalSwiftPackageReference "PomorCore" */,
				DFD733352FF0269E00531227 /* XCLocalSwiftPackageReference "PomorDI" */,
				DFD7334E2FF0300100531227 /* XCLocalSwiftPackageReference "PomorDesignSystem" */,
			);
			preferredProjectObjectVersion = 77;
			productRefGroup = DF9B1ADF2F79902100008936 /* Products */;
			projectDirPath = "";
			projectRoot = "";
			targets = (
				DF9B1ADD2F79902100008936 /* Pomor */,
				DF9B1B632F79E6ED00008936 /* PomorTests */,
				DFD8352D2FEB72DF00C937E3 /* PomorWatch Watch App */,
				DFD835392FEB72E000C937E3 /* PomorWatch Watch AppTests */,
				DFD835432FEB72E000C937E3 /* PomorWatch Watch AppUITests */,
			);
		};
/* End PBXProject section */

/* Begin PBXResourcesBuildPhase section */
		DF9B1ADC2F79902100008936 /* Resources */ = {
			isa = PBXResourcesBuildPhase;
			buildActionMask = 2147483647;
			files = (
			);
			runOnlyForDeploymentPostprocessing = 0;
		};
		DF9B1B622F79E6ED00008936 /* Resources */ = {
			isa = PBXResourcesBuildPhase;
			buildActionMask = 2147483647;
			files = (
			);
			runOnlyForDeploymentPostprocessing = 0;
		};
		DFD8352C2FEB72DF00C937E3 /* Resources */ = {
			isa = PBXResourcesBuildPhase;
			buildActionMask = 2147483647;
			files = (
			);
			runOnlyForDeploymentPostprocessing = 0;
		};
		DFD835382FEB72E000C937E3 /* Resources */ = {
			isa = PBXResourcesBuildPhase;
			buildActionMask = 2147483647;
			files = (
			);
			runOnlyForDeploymentPostprocessing = 0;
		};
		DFD835422FEB72E000C937E3 /* Resources */ = {
			isa = PBXResourcesBuildPhase;
			buildActionMask = 2147483647;
			files = (
			);
			runOnlyForDeploymentPostprocessing = 0;
		};
/* End PBXResourcesBuildPhase section */

/* Begin PBXSourcesBuildPhase section */
		DF9B1ADA2F79902100008936 /* Sources */ = {
			isa = PBXSourcesBuildPhase;
			buildActionMask = 2147483647;
			files = (
			);
			runOnlyForDeploymentPostprocessing = 0;
		};
		DF9B1B602F79E6ED00008936 /* Sources */ = {
			isa = PBXSourcesBuildPhase;
			buildActionMask = 2147483647;
			files = (
			);
			runOnlyForDeploymentPostprocessing = 0;
		};
		DFD8352A2FEB72DF00C937E3 /* Sources */ = {
			isa = PBXSourcesBuildPhase;
			buildActionMask = 2147483647;
			files = (
			);
			runOnlyForDeploymentPostprocessing = 0;
		};
		DFD835362FEB72E000C937E3 /* Sources */ = {
			isa = PBXSourcesBuildPhase;
			buildActionMask = 2147483647;
			files = (
			);
			runOnlyForDeploymentPostprocessing = 0;
		};
		DFD835402FEB72E000C937E3 /* Sources */ = {
			isa = PBXSourcesBuildPhase;
			buildActionMask = 2147483647;
			files = (
			);
			runOnlyForDeploymentPostprocessing = 0;
		};
/* End PBXSourcesBuildPhase section */

/* Begin PBXTargetDependency section */
		DF9B1B692F79E6ED00008936 /* PBXTargetDependency */ = {
			isa = PBXTargetDependency;
			target = DF9B1ADD2F79902100008936 /* Pomor */;
			targetProxy = DF9B1B682F79E6ED00008936 /* PBXContainerItemProxy */;
		};
		DFD8353C2FEB72E000C937E3 /* PBXTargetDependency */ = {
			isa = PBXTargetDependency;
			target = DFD8352D2FEB72DF00C937E3 /* PomorWatch Watch App */;
			targetProxy = DFD8353B2FEB72E000C937E3 /* PBXContainerItemProxy */;
		};
		DFD835462FEB72E000C937E3 /* PBXTargetDependency */ = {
			isa = PBXTargetDependency;
			target = DFD8352D2FEB72DF00C937E3 /* PomorWatch Watch App */;
			targetProxy = DFD835452FEB72E000C937E3 /* PBXContainerItemProxy */;
		};
		DFD8354D2FEB72E000C937E3 /* PBXTargetDependency */ = {
			isa = PBXTargetDependency;
			target = DFD8352D2FEB72DF00C937E3 /* PomorWatch Watch App */;
			targetProxy = DFD8354C2FEB72E000C937E3 /* PBXContainerItemProxy */;
		};
/* End PBXTargetDependency section */

/* Begin XCBuildConfiguration section */
		DF9B1AE72F79902200008936 /* Debug */ = {
			isa = XCBuildConfiguration;
			buildSettings = {
				ALWAYS_SEARCH_USER_PATHS = NO;
				ASSETCATALOG_COMPILER_GENERATE_SWIFT_ASSET_SYMBOL_EXTENSIONS = YES;
				CLANG_ANALYZER_NONNULL = YES;
				CLANG_ANALYZER_NUMBER_OBJECT_CONVERSION = YES_AGGRESSIVE;
				CLANG_CXX_LANGUAGE_STANDARD = "gnu++20";
				CLANG_ENABLE_MODULES = YES;
				CLANG_ENABLE_OBJC_ARC = YES;
				CLANG_ENABLE_OBJC_WEAK = YES;
				CLANG_WARN_BLOCK_CAPTURE_AUTORELEASING = YES;
				CLANG_WARN_BOOL_CONVERSION = YES;
				CLANG_WARN_COMMA = YES;
				CLANG_WARN_CONSTANT_CONVERSION = YES;
				CLANG_WARN_DEPRECATED_OBJC_IMPLEMENTATIONS = YES;
				CLANG_WARN_DIRECT_OBJC_ISA_USAGE = YES_ERROR;
				CLANG_WARN_DOCUMENTATION_COMMENTS = YES;
				CLANG_WARN_EMPTY_BODY = YES;
				CLANG_WARN_ENUM_CONVERSION = YES;
				CLANG_WARN_INFINITE_RECURSION = YES;
				CLANG_WARN_INT_CONVERSION = YES;
				CLANG_WARN_NON_LITERAL_NULL_CONVERSION = YES;
				CLANG_WARN_OBJC_IMPLICIT_RETAIN_SELF = YES;
				CLANG_WARN_OBJC_LITERAL_CONVERSION = YES;
				CLANG_WARN_OBJC_ROOT_CLASS = YES_ERROR;
				CLANG_WARN_QUOTED_INCLUDE_IN_FRAMEWORK_HEADER = YES;
				CLANG_WARN_RANGE_LOOP_ANALYSIS = YES;
				CLANG_WARN_STRICT_PROTOTYPES = YES;
				CLANG_WARN_SUSPICIOUS_MOVE = YES;
				CLANG_WARN_UNGUARDED_AVAILABILITY = YES_AGGRESSIVE;
				CLANG_WARN_UNREACHABLE_CODE = YES;
				CLANG_WARN__DUPLICATE_METHOD_MATCH = YES;
				COPY_PHASE_STRIP = NO;
				DEBUG_INFORMATION_FORMAT = dwarf;
				DEVELOPMENT_TEAM = J74996J2KY;
				ENABLE_STRICT_OBJC_MSGSEND = YES;
				ENABLE_TESTABILITY = YES;
				ENABLE_USER_SCRIPT_SANDBOXING = YES;
				GCC_C_LANGUAGE_STANDARD = gnu17;
				GCC_DYNAMIC_NO_PIC = NO;
				GCC_NO_COMMON_BLOCKS = YES;
				GCC_OPTIMIZATION_LEVEL = 0;
				GCC_PREPROCESSOR_DEFINITIONS = (
					"DEBUG=1",
					"$(inherited)",
				);
				GCC_WARN_64_TO_32_BIT_CONVERSION = YES;
				GCC_WARN_ABOUT_RETURN_TYPE = YES_ERROR;
				GCC_WARN_UNDECLARED_SELECTOR = YES;
				GCC_WARN_UNINITIALIZED_AUTOS = YES_AGGRESSIVE;
				GCC_WARN_UNUSED_FUNCTION = YES;
				GCC_WARN_UNUSED_VARIABLE = YES;
				LOCALIZATION_PREFERS_STRING_CATALOGS = YES;
				MTL_ENABLE_DEBUG_INFO = INCLUDE_SOURCE;
				MTL_FAST_MATH = YES;
				ONLY_ACTIVE_ARCH = YES;
				SWIFT_ACTIVE_COMPILATION_CONDITIONS = "DEBUG $(inherited)";
				SWIFT_OPTIMIZATION_LEVEL = "-Onone";
			};
			name = Debug;
		};
		DF9B1AE82F79902200008936 /* Release */ = {
			isa = XCBuildConfiguration;
			buildSettings = {
				ALWAYS_SEARCH_USER_PATHS = NO;
				ASSETCATALOG_COMPILER_GENERATE_SWIFT_ASSET_SYMBOL_EXTENSIONS = YES;
				CLANG_ANALYZER_NONNULL = YES;
				CLANG_ANALYZER_NUMBER_OBJECT_CONVERSION = YES_AGGRESSIVE;
				CLANG_CXX_LANGUAGE_STANDARD = "gnu++20";
				CLANG_ENABLE_MODULES = YES;
				CLANG_ENABLE_OBJC_ARC = YES;
				CLANG_ENABLE_OBJC_WEAK = YES;
				CLANG_WARN_BLOCK_CAPTURE_AUTORELEASING = YES;
				CLANG_WARN_BOOL_CONVERSION = YES;
				CLANG_WARN_COMMA = YES;
				CLANG_WARN_CONSTANT_CONVERSION = YES;
				CLANG_WARN_DEPRECATED_OBJC_IMPLEMENTATIONS = YES;
				CLANG_WARN_DIRECT_OBJC_ISA_USAGE = YES_ERROR;
				CLANG_WARN_DOCUMENTATION_COMMENTS = YES;
				CLANG_WARN_EMPTY_BODY = YES;
				CLANG_WARN_ENUM_CONVERSION = YES;
				CLANG_WARN_INFINITE_RECURSION = YES;
				CLANG_WARN_INT_CONVERSION = YES;
				CLANG_WARN_NON_LITERAL_NULL_CONVERSION = YES;
				CLANG_WARN_OBJC_IMPLICIT_RETAIN_SELF = YES;
				CLANG_WARN_OBJC_LITERAL_CONVERSION = YES;
				CLANG_WARN_OBJC_ROOT_CLASS = YES_ERROR;
				CLANG_WARN_QUOTED_INCLUDE_IN_FRAMEWORK_HEADER = YES;
				CLANG_WARN_RANGE_LOOP_ANALYSIS = YES;
				CLANG_WARN_STRICT_PROTOTYPES = YES;
				CLANG_WARN_SUSPICIOUS_MOVE = YES;
				CLANG_WARN_UNGUARDED_AVAILABILITY = YES_AGGRESSIVE;
				CLANG_WARN_UNREACHABLE_CODE = YES;
				CLANG_WARN__DUPLICATE_METHOD_MATCH = YES;
				COPY_PHASE_STRIP = NO;
				DEBUG_INFORMATION_FORMAT = "dwarf-with-dsym";
				DEVELOPMENT_TEAM = J74996J2KY;
				ENABLE_NS_ASSERTIONS = NO;
				ENABLE_STRICT_OBJC_MSGSEND = YES;
				ENABLE_USER_SCRIPT_SANDBOXING = YES;
				GCC_C_LANGUAGE_STANDARD = gnu17;
				GCC_NO_COMMON_BLOCKS = YES;
				GCC_WARN_64_TO_32_BIT_CONVERSION = YES;
				GCC_WARN_ABOUT_RETURN_TYPE = YES_ERROR;
				GCC_WARN_UNDECLARED_SELECTOR = YES;
				GCC_WARN_UNINITIALIZED_AUTOS = YES_AGGRESSIVE;
				GCC_WARN_UNUSED_FUNCTION = YES;
				GCC_WARN_UNUSED_VARIABLE = YES;
				LOCALIZATION_PREFERS_STRING_CATALOGS = YES;
				MTL_ENABLE_DEBUG_INFO = NO;
				MTL_FAST_MATH = YES;
				SWIFT_COMPILATION_MODE = wholemodule;
			};
			name = Release;
		};
		DF9B1AEA2F79902200008936 /* Debug */ = {
			isa = XCBuildConfiguration;
			buildSettings = {
				ASSETCATALOG_COMPILER_APPICON_NAME = AppIcon;
				ASSETCATALOG_COMPILER_GLOBAL_ACCENT_COLOR_NAME = AccentColor;
				CODE_SIGN_STYLE = Automatic;
				CURRENT_PROJECT_VERSION = 1;
				DEVELOPMENT_TEAM = J74996J2KY;
				ENABLE_PREVIEWS = YES;
				GENERATE_INFOPLIST_FILE = YES;
				INFOPLIST_FILE = Config/Info.plist;
				"INFOPLIST_KEY_UIApplicationSceneManifest_Generation[sdk=iphoneos*]" = YES;
				"INFOPLIST_KEY_UIApplicationSceneManifest_Generation[sdk=iphonesimulator*]" = YES;
				"INFOPLIST_KEY_UIApplicationSupportsIndirectInputEvents[sdk=iphoneos*]" = YES;
				"INFOPLIST_KEY_UIApplicationSupportsIndirectInputEvents[sdk=iphonesimulator*]" = YES;
				"INFOPLIST_KEY_UILaunchScreen_Generation[sdk=iphoneos*]" = YES;
				"INFOPLIST_KEY_UILaunchScreen_Generation[sdk=iphonesimulator*]" = YES;
				"INFOPLIST_KEY_UIStatusBarStyle[sdk=iphoneos*]" = UIStatusBarStyleDefault;
				"INFOPLIST_KEY_UIStatusBarStyle[sdk=iphonesimulator*]" = UIStatusBarStyleDefault;
				INFOPLIST_KEY_UISupportedInterfaceOrientations_iPad = "UIInterfaceOrientationPortrait UIInterfaceOrientationPortraitUpsideDown UIInterfaceOrientationLandscapeLeft UIInterfaceOrientationLandscapeRight";
				INFOPLIST_KEY_UISupportedInterfaceOrientations_iPhone = "UIInterfaceOrientationPortrait UIInterfaceOrientationLandscapeLeft UIInterfaceOrientationLandscapeRight";
				IPHONEOS_DEPLOYMENT_TARGET = 17.0;
				LD_RUNPATH_SEARCH_PATHS = "@executable_path/Frameworks";
				MARKETING_VERSION = 1.0;
				PRODUCT_BUNDLE_IDENTIFIER = pucpr.Pomor;
				PRODUCT_NAME = "$(TARGET_NAME)";
				REGISTER_APP_GROUPS = YES;
				SDKROOT = iphoneos;
				STRING_CATALOG_GENERATE_SYMBOLS = YES;
				SUPPORTED_PLATFORMS = "iphoneos iphonesimulator";
				SUPPORTS_MACCATALYST = NO;
				SUPPORTS_MAC_DESIGNED_FOR_IPHONE_IPAD = NO;
				SWIFT_APPROACHABLE_CONCURRENCY = YES;
				SWIFT_DEFAULT_ACTOR_ISOLATION = MainActor;
				SWIFT_EMIT_LOC_STRINGS = YES;
				SWIFT_UPCOMING_FEATURE_MEMBER_IMPORT_VISIBILITY = YES;
				SWIFT_VERSION = 5.0;
				TARGETED_DEVICE_FAMILY = "1,2";
			};
			name = Debug;
		};
		DF9B1AEB2F79902200008936 /* Release */ = {
			isa = XCBuildConfiguration;
			buildSettings = {
				ASSETCATALOG_COMPILER_APPICON_NAME = AppIcon;
				ASSETCATALOG_COMPILER_GLOBAL_ACCENT_COLOR_NAME = AccentColor;
				CODE_SIGN_STYLE = Automatic;
				CURRENT_PROJECT_VERSION = 1;
				DEVELOPMENT_TEAM = J74996J2KY;
				ENABLE_PREVIEWS = YES;
				GENERATE_INFOPLIST_FILE = YES;
				INFOPLIST_FILE = Config/Info.plist;
				"INFOPLIST_KEY_UIApplicationSceneManifest_Generation[sdk=iphoneos*]" = YES;
				"INFOPLIST_KEY_UIApplicationSceneManifest_Generation[sdk=iphonesimulator*]" = YES;
				"INFOPLIST_KEY_UIApplicationSupportsIndirectInputEvents[sdk=iphoneos*]" = YES;
				"INFOPLIST_KEY_UIApplicationSupportsIndirectInputEvents[sdk=iphonesimulator*]" = YES;
				"INFOPLIST_KEY_UILaunchScreen_Generation[sdk=iphoneos*]" = YES;
				"INFOPLIST_KEY_UILaunchScreen_Generation[sdk=iphonesimulator*]" = YES;
				"INFOPLIST_KEY_UIStatusBarStyle[sdk=iphoneos*]" = UIStatusBarStyleDefault;
				"INFOPLIST_KEY_UIStatusBarStyle[sdk=iphonesimulator*]" = UIStatusBarStyleDefault;
				INFOPLIST_KEY_UISupportedInterfaceOrientations_iPad = "UIInterfaceOrientationPortrait UIInterfaceOrientationPortraitUpsideDown UIInterfaceOrientationLandscapeLeft UIInterfaceOrientationLandscapeRight";
				INFOPLIST_KEY_UISupportedInterfaceOrientations_iPhone = "UIInterfaceOrientationPortrait UIInterfaceOrientationLandscapeLeft UIInterfaceOrientationLandscapeRight";
				IPHONEOS_DEPLOYMENT_TARGET = 17.0;
				LD_RUNPATH_SEARCH_PATHS = "@executable_path/Frameworks";
				MARKETING_VERSION = 1.0;
				PRODUCT_BUNDLE_IDENTIFIER = pucpr.Pomor;
				PRODUCT_NAME = "$(TARGET_NAME)";
				REGISTER_APP_GROUPS = YES;
				SDKROOT = iphoneos;
				STRING_CATALOG_GENERATE_SYMBOLS = YES;
				SUPPORTED_PLATFORMS = "iphoneos iphonesimulator";
				SUPPORTS_MACCATALYST = NO;
				SUPPORTS_MAC_DESIGNED_FOR_IPHONE_IPAD = NO;
				SWIFT_APPROACHABLE_CONCURRENCY = YES;
				SWIFT_DEFAULT_ACTOR_ISOLATION = MainActor;
				SWIFT_EMIT_LOC_STRINGS = YES;
				SWIFT_UPCOMING_FEATURE_MEMBER_IMPORT_VISIBILITY = YES;
				SWIFT_VERSION = 5.0;
				TARGETED_DEVICE_FAMILY = "1,2";
			};
			name = Release;
		};
		DF9B1B6B2F79E6ED00008936 /* Debug */ = {
			isa = XCBuildConfiguration;
			buildSettings = {
				BUNDLE_LOADER = "$(TEST_HOST)";
				CODE_SIGN_STYLE = Automatic;
				CURRENT_PROJECT_VERSION = 1;
				DEVELOPMENT_TEAM = J74996J2KY;
				GENERATE_INFOPLIST_FILE = YES;
				IPHONEOS_DEPLOYMENT_TARGET = 17.0;
				MARKETING_VERSION = 1.0;
				PRODUCT_BUNDLE_IDENTIFIER = pucpr.PomorTests;
				PRODUCT_NAME = "$(TARGET_NAME)";
				SDKROOT = iphoneos;
				STRING_CATALOG_GENERATE_SYMBOLS = NO;
				SWIFT_APPROACHABLE_CONCURRENCY = YES;
				SWIFT_EMIT_LOC_STRINGS = NO;
				SWIFT_UPCOMING_FEATURE_MEMBER_IMPORT_VISIBILITY = YES;
				SWIFT_VERSION = 5.0;
				TARGETED_DEVICE_FAMILY = "1,2";
				TEST_HOST = "$(BUILT_PRODUCTS_DIR)/Pomor.app/$(BUNDLE_EXECUTABLE_FOLDER_PATH)/Pomor";
			};
			name = Debug;
		};
		DF9B1B6C2F79E6ED00008936 /* Release */ = {
			isa = XCBuildConfiguration;
			buildSettings = {
				BUNDLE_LOADER = "$(TEST_HOST)";
				CODE_SIGN_STYLE = Automatic;
				CURRENT_PROJECT_VERSION = 1;
				DEVELOPMENT_TEAM = J74996J2KY;
				GENERATE_INFOPLIST_FILE = YES;
				IPHONEOS_DEPLOYMENT_TARGET = 17.0;
				MARKETING_VERSION = 1.0;
				PRODUCT_BUNDLE_IDENTIFIER = pucpr.PomorTests;
				PRODUCT_NAME = "$(TARGET_NAME)";
				SDKROOT = iphoneos;
				STRING_CATALOG_GENERATE_SYMBOLS = NO;
				SWIFT_APPROACHABLE_CONCURRENCY = YES;
				SWIFT_EMIT_LOC_STRINGS = NO;
				SWIFT_UPCOMING_FEATURE_MEMBER_IMPORT_VISIBILITY = YES;
				SWIFT_VERSION = 5.0;
				TARGETED_DEVICE_FAMILY = "1,2";
				TEST_HOST = "$(BUILT_PRODUCTS_DIR)/Pomor.app/$(BUNDLE_EXECUTABLE_FOLDER_PATH)/Pomor";
				VALIDATE_PRODUCT = YES;
			};
			name = Release;
		};
		DFD835502FEB72E000C937E3 /* Debug */ = {
			isa = XCBuildConfiguration;
			buildSettings = {
				ASSETCATALOG_COMPILER_APPICON_NAME = AppIcon;
				ASSETCATALOG_COMPILER_GLOBAL_ACCENT_COLOR_NAME = AccentColor;
				CODE_SIGN_STYLE = Automatic;
				CURRENT_PROJECT_VERSION = 1;
				DEVELOPMENT_TEAM = J74996J2KY;
				ENABLE_PREVIEWS = YES;
				GENERATE_INFOPLIST_FILE = YES;
				INFOPLIST_KEY_CFBundleDisplayName = PomorWatch;
				INFOPLIST_KEY_UISupportedInterfaceOrientations = "UIInterfaceOrientationPortrait UIInterfaceOrientationPortraitUpsideDown";
				INFOPLIST_KEY_WKCompanionAppBundleIdentifier = pucpr.Pomor;
				LD_RUNPATH_SEARCH_PATHS = (
					"$(inherited)",
					"@executable_path/Frameworks",
				);
				MARKETING_VERSION = 1.0;
				PRODUCT_BUNDLE_IDENTIFIER = pucpr.Pomor.watchkitapp;
				PRODUCT_NAME = "$(TARGET_NAME)";
				SDKROOT = watchos;
				SKIP_INSTALL = YES;
				STRING_CATALOG_GENERATE_SYMBOLS = YES;
				SWIFT_APPROACHABLE_CONCURRENCY = YES;
				SWIFT_DEFAULT_ACTOR_ISOLATION = MainActor;
				SWIFT_EMIT_LOC_STRINGS = YES;
				SWIFT_UPCOMING_FEATURE_MEMBER_IMPORT_VISIBILITY = YES;
				SWIFT_VERSION = 5.0;
				TARGETED_DEVICE_FAMILY = 4;
				WATCHOS_DEPLOYMENT_TARGET = 26.5;
			};
			name = Debug;
		};
		DFD835512FEB72E000C937E3 /* Release */ = {
			isa = XCBuildConfiguration;
			buildSettings = {
				ASSETCATALOG_COMPILER_APPICON_NAME = AppIcon;
				ASSETCATALOG_COMPILER_GLOBAL_ACCENT_COLOR_NAME = AccentColor;
				CODE_SIGN_STYLE = Automatic;
				CURRENT_PROJECT_VERSION = 1;
				DEVELOPMENT_TEAM = J74996J2KY;
				ENABLE_PREVIEWS = YES;
				GENERATE_INFOPLIST_FILE = YES;
				INFOPLIST_KEY_CFBundleDisplayName = PomorWatch;
				INFOPLIST_KEY_UISupportedInterfaceOrientations = "UIInterfaceOrientationPortrait UIInterfaceOrientationPortraitUpsideDown";
				INFOPLIST_KEY_WKCompanionAppBundleIdentifier = pucpr.Pomor;
				LD_RUNPATH_SEARCH_PATHS = (
					"$(inherited)",
					"@executable_path/Frameworks",
				);
				MARKETING_VERSION = 1.0;
				PRODUCT_BUNDLE_IDENTIFIER = pucpr.Pomor.watchkitapp;
				PRODUCT_NAME = "$(TARGET_NAME)";
				SDKROOT = watchos;
				SKIP_INSTALL = YES;
				STRING_CATALOG_GENERATE_SYMBOLS = YES;
				SWIFT_APPROACHABLE_CONCURRENCY = YES;
				SWIFT_DEFAULT_ACTOR_ISOLATION = MainActor;
				SWIFT_EMIT_LOC_STRINGS = YES;
				SWIFT_UPCOMING_FEATURE_MEMBER_IMPORT_VISIBILITY = YES;
				SWIFT_VERSION = 5.0;
				TARGETED_DEVICE_FAMILY = 4;
				VALIDATE_PRODUCT = YES;
				WATCHOS_DEPLOYMENT_TARGET = 26.5;
			};
			name = Release;
		};
		DFD835542FEB72E000C937E3 /* Debug */ = {
			isa = XCBuildConfiguration;
			buildSettings = {
				BUNDLE_LOADER = "$(TEST_HOST)";
				CODE_SIGN_STYLE = Automatic;
				CURRENT_PROJECT_VERSION = 1;
				DEVELOPMENT_TEAM = J74996J2KY;
				GENERATE_INFOPLIST_FILE = YES;
				MARKETING_VERSION = 1.0;
				PRODUCT_BUNDLE_IDENTIFIER = "pucpr.PomorWatch-Watch-AppTests";
				PRODUCT_NAME = "$(TARGET_NAME)";
				SDKROOT = watchos;
				STRING_CATALOG_GENERATE_SYMBOLS = NO;
				SWIFT_APPROACHABLE_CONCURRENCY = YES;
				SWIFT_EMIT_LOC_STRINGS = NO;
				SWIFT_UPCOMING_FEATURE_MEMBER_IMPORT_VISIBILITY = YES;
				SWIFT_VERSION = 5.0;
				TARGETED_DEVICE_FAMILY = 4;
				TEST_HOST = "$(BUILT_PRODUCTS_DIR)/PomorWatch Watch App.app/$(BUNDLE_EXECUTABLE_FOLDER_PATH)/PomorWatch Watch App";
				WATCHOS_DEPLOYMENT_TARGET = 26.5;
			};
			name = Debug;
		};
		DFD835552FEB72E000C937E3 /* Release */ = {
			isa = XCBuildConfiguration;
			buildSettings = {
				BUNDLE_LOADER = "$(TEST_HOST)";
				CODE_SIGN_STYLE = Automatic;
				CURRENT_PROJECT_VERSION = 1;
				DEVELOPMENT_TEAM = J74996J2KY;
				GENERATE_INFOPLIST_FILE = YES;
				MARKETING_VERSION = 1.0;
				PRODUCT_BUNDLE_IDENTIFIER = "pucpr.PomorWatch-Watch-AppTests";
				PRODUCT_NAME = "$(TARGET_NAME)";
				SDKROOT = watchos;
				STRING_CATALOG_GENERATE_SYMBOLS = NO;
				SWIFT_APPROACHABLE_CONCURRENCY = YES;
				SWIFT_EMIT_LOC_STRINGS = NO;
				SWIFT_UPCOMING_FEATURE_MEMBER_IMPORT_VISIBILITY = YES;
				SWIFT_VERSION = 5.0;
				TARGETED_DEVICE_FAMILY = 4;
				TEST_HOST = "$(BUILT_PRODUCTS_DIR)/PomorWatch Watch App.app/$(BUNDLE_EXECUTABLE_FOLDER_PATH)/PomorWatch Watch App";
				VALIDATE_PRODUCT = YES;
				WATCHOS_DEPLOYMENT_TARGET = 26.5;
			};
			name = Release;
		};
		DFD835572FEB72E000C937E3 /* Debug */ = {
			isa = XCBuildConfiguration;
			buildSettings = {
				CODE_SIGN_STYLE = Automatic;
				CURRENT_PROJECT_VERSION = 1;
				DEVELOPMENT_TEAM = J74996J2KY;
				GENERATE_INFOPLIST_FILE = YES;
				MARKETING_VERSION = 1.0;
				PRODUCT_BUNDLE_IDENTIFIER = "pucpr.PomorWatch-Watch-AppUITests";
				PRODUCT_NAME = "$(TARGET_NAME)";
				SDKROOT = watchos;
				STRING_CATALOG_GENERATE_SYMBOLS = NO;
				SWIFT_APPROACHABLE_CONCURRENCY = YES;
				SWIFT_EMIT_LOC_STRINGS = NO;
				SWIFT_UPCOMING_FEATURE_MEMBER_IMPORT_VISIBILITY = YES;
				SWIFT_VERSION = 5.0;
				TARGETED_DEVICE_FAMILY = 4;
				TEST_TARGET_NAME = "PomorWatch Watch App";
				WATCHOS_DEPLOYMENT_TARGET = 26.5;
			};
			name = Debug;
		};
		DFD835582FEB72E000C937E3 /* Release */ = {
			isa = XCBuildConfiguration;
			buildSettings = {
				CODE_SIGN_STYLE = Automatic;
				CURRENT_PROJECT_VERSION = 1;
				DEVELOPMENT_TEAM = J74996J2KY;
				GENERATE_INFOPLIST_FILE = YES;
				MARKETING_VERSION = 1.0;
				PRODUCT_BUNDLE_IDENTIFIER = "pucpr.PomorWatch-Watch-AppUITests";
				PRODUCT_NAME = "$(TARGET_NAME)";
				SDKROOT = watchos;
				STRING_CATALOG_GENERATE_SYMBOLS = NO;
				SWIFT_APPROACHABLE_CONCURRENCY = YES;
				SWIFT_EMIT_LOC_STRINGS = NO;
				SWIFT_UPCOMING_FEATURE_MEMBER_IMPORT_VISIBILITY = YES;
				SWIFT_VERSION = 5.0;
				TARGETED_DEVICE_FAMILY = 4;
				TEST_TARGET_NAME = "PomorWatch Watch App";
				VALIDATE_PRODUCT = YES;
				WATCHOS_DEPLOYMENT_TARGET = 26.5;
			};
			name = Release;
		};
/* End XCBuildConfiguration section */

/* Begin XCConfigurationList section */
		DF9B1AD92F79902100008936 /* Build configuration list for PBXProject "Pomor" */ = {
			isa = XCConfigurationList;
			buildConfigurations = (
				DF9B1AE72F79902200008936 /* Debug */,
				DF9B1AE82F79902200008936 /* Release */,
			);
			defaultConfigurationIsVisible = 0;
			defaultConfigurationName = Release;
		};
		DF9B1AE92F79902200008936 /* Build configuration list for PBXNativeTarget "Pomor" */ = {
			isa = XCConfigurationList;
			buildConfigurations = (
				DF9B1AEA2F79902200008936 /* Debug */,
				DF9B1AEB2F79902200008936 /* Release */,
			);
			defaultConfigurationIsVisible = 0;
			defaultConfigurationName = Release;
		};
		DF9B1B6A2F79E6ED00008936 /* Build configuration list for PBXNativeTarget "PomorTests" */ = {
			isa = XCConfigurationList;
			buildConfigurations = (
				DF9B1B6B2F79E6ED00008936 /* Debug */,
				DF9B1B6C2F79E6ED00008936 /* Release */,
			);
			defaultConfigurationIsVisible = 0;
			defaultConfigurationName = Release;
		};
		DFD8354F2FEB72E000C937E3 /* Build configuration list for PBXNativeTarget "PomorWatch Watch App" */ = {
			isa = XCConfigurationList;
			buildConfigurations = (
				DFD835502FEB72E000C937E3 /* Debug */,
				DFD835512FEB72E000C937E3 /* Release */,
			);
			defaultConfigurationIsVisible = 0;
			defaultConfigurationName = Release;
		};
		DFD835532FEB72E000C937E3 /* Build configuration list for PBXNativeTarget "PomorWatch Watch AppTests" */ = {
			isa = XCConfigurationList;
			buildConfigurations = (
				DFD835542FEB72E000C937E3 /* Debug */,
				DFD835552FEB72E000C937E3 /* Release */,
			);
			defaultConfigurationIsVisible = 0;
			defaultConfigurationName = Release;
		};
		DFD835562FEB72E000C937E3 /* Build configuration list for PBXNativeTarget "PomorWatch Watch AppUITests" */ = {
			isa = XCConfigurationList;
			buildConfigurations = (
				DFD835572FEB72E000C937E3 /* Debug */,
				DFD835582FEB72E000C937E3 /* Release */,
			);
			defaultConfigurationIsVisible = 0;
			defaultConfigurationName = Release;
		};
/* End XCConfigurationList section */

/* Begin XCLocalSwiftPackageReference section */
		DFD733352FF0269E00531227 /* XCLocalSwiftPackageReference "PomorDI" */ = {
			isa = XCLocalSwiftPackageReference;
			relativePath = PomorDI;
		};
		DFD7334E2FF0300100531227 /* XCLocalSwiftPackageReference "PomorDesignSystem" */ = {
			isa = XCLocalSwiftPackageReference;
			relativePath = PomorDesignSystem;
		};
		DFD837AF2FEDEDCE00C937E3 /* XCLocalSwiftPackageReference "PomorCore" */ = {
			isa = XCLocalSwiftPackageReference;
			relativePath = PomorCore;
		};
/* End XCLocalSwiftPackageReference section */

/* Begin XCSwiftPackageProductDependency section */
		DFD733362FF026BF00531227 /* PomorDI */ = {
			isa = XCSwiftPackageProductDependency;
			package = DFD733352FF0269E00531227 /* XCLocalSwiftPackageReference "PomorDI" */;
			productName = PomorDI;
		};
		DFD733392FF026BF00531227 /* PomorDI */ = {
			isa = XCSwiftPackageProductDependency;
			package = DFD733352FF0269E00531227 /* XCLocalSwiftPackageReference "PomorDI" */;
			productName = PomorDI;
		};
		DFD7334B2FF0300100531227 /* PomorDesignSystem */ = {
			isa = XCSwiftPackageProductDependency;
			package = DFD7334E2FF0300100531227 /* XCLocalSwiftPackageReference "PomorDesignSystem" */;
			productName = PomorDesignSystem;
		};
		DFD7334D2FF0300100531227 /* PomorDesignSystem */ = {
			isa = XCSwiftPackageProductDependency;
			package = DFD7334E2FF0300100531227 /* XCLocalSwiftPackageReference "PomorDesignSystem" */;
			productName = PomorDesignSystem;
		};
		DFD8371E2FEDDCD500C937E3 /* PomorCore */ = {
			isa = XCSwiftPackageProductDependency;
			productName = PomorCore;
		};
		DFD838362FEE131700C937E3 /* PomorCore */ = {
			isa = XCSwiftPackageProductDependency;
			package = DFD837AF2FEDEDCE00C937E3 /* XCLocalSwiftPackageReference "PomorCore" */;
			productName = PomorCore;
		};
/* End XCSwiftPackageProductDependency section */
	};
	rootObject = DF9B1AD62F79902100008936 /* Project object */;
}
